
Microsoft Visual Studio Solution File, Format Version 12.00
# Visual Studio 14
VisualStudioVersion = 14.0.23107.0
MinimumVisualStudioVersion = 10.0.40219.1
Project("{2150E333-8FDC-42A3-9474-1A3956D46DE8}") = "Tc.Crm.Plugins", "Tc.Crm.Plugins", "{28E27A6E-C184-4019-AAF3-3D5A0F13222D}"
EndProject
Project("{2150E333-8FDC-42A3-9474-1A3956D46DE8}") = "Tc.Crm.CustomWorkflowSteps", "Tc.Crm.CustomWorkflowSteps", "{A27ECFA7-7BEB-465D-A915-E9B7CD2484F1}"
EndProject
Project("{FAE04EC0-301F-11D3-BF4B-00C04F79EFBC}") = "Tc.Crm.Plugins", "Tc.Crm.Plugins\Tc.Crm.Plugins.csproj", "{56ACE05E-3756-4B7D-9B6F-672BB2FFC19B}"
EndProject
Project("{2150E333-8FDC-42A3-9474-1A3956D46DE8}") = "Tc.Crm.ServiceLayer", "Tc.Crm.ServiceLayer", "{C91228F0-139F-46AF-B023-C54F9C9870A5}"
EndProject
Project("{2150E333-8FDC-42A3-9474-1A3956D46DE8}") = "Tc.Crm.UnitTests", "Tc.Crm.UnitTests", "{0C0139D5-1C87-4AA8-AD12-B91CE4526419}"
EndProject
Project("{2150E333-8FDC-42A3-9474-1A3956D46DE8}") = "Tc.Crm.WebResources", "Tc.Crm.WebResources", "{143A4405-24E9-4BC1-9423-D1313CC8A029}"
EndProject
Project("{2150E333-8FDC-42A3-9474-1A3956D46DE8}") = "Tc.Crm.Schema", "Tc.Crm.Schema", "{D3C200AD-612D-45D8-8197-F31F4B73F91C}"
EndProject
Project("{2150E333-8FDC-42A3-9474-1A3956D46DE8}") = "Tc.Crm.Reports", "Tc.Crm.Reports", "{854594C0-5073-4714-A877-9D48F25CD3FA}"
EndProject
Project("{2150E333-8FDC-42A3-9474-1A3956D46DE8}") = "ServiceLayer", "ServiceLayer", "{7C6D8FA0-4FC0-4A54-BA41-BDE74B695763}"
EndProject
Project("{2150E333-8FDC-42A3-9474-1A3956D46DE8}") = "Plugins", "Plugins", "{EE30D865-AE6A-4493-91D5-701A8D979EB4}"
EndProject
Project("{2150E333-8FDC-42A3-9474-1A3956D46DE8}") = "CustomWorkflowSteps", "CustomWorkflowSteps", "{B081A2B4-AA52-4F17-B43C-DEC8D0980541}"
EndProject
Project("{2150E333-8FDC-42A3-9474-1A3956D46DE8}") = "SolutionZips", "SolutionZips", "{5DE2E9C6-B59E-4FA1-B3CE-7F6C03BB4B1A}"
EndProject
Project("{2150E333-8FDC-42A3-9474-1A3956D46DE8}") = "v0.0.0.0-9", "v0.0.0.0-9", "{5105FBD3-844D-450A-88B1-39E82BD74161}"
EndProject
Project("{2150E333-8FDC-42A3-9474-1A3956D46DE8}") = "Tc.Crm.Data", "Tc.Crm.Data", "{70F3E084-CE1A-4FBC-A483-39265BB49456}"
EndProject
Project("{2150E333-8FDC-42A3-9474-1A3956D46DE8}") = "Configuration", "Configuration", "{9710F8AC-3254-49F7-93EC-8AC0EAAC8C7A}"
EndProject
Project("{2150E333-8FDC-42A3-9474-1A3956D46DE8}") = "Schema", "Schema", "{17FDEE31-B2C7-4720-89E5-4930CA148B8C}"
EndProject
Project("{2150E333-8FDC-42A3-9474-1A3956D46DE8}") = "Dev", "Dev", "{5EDB2AA6-1740-47E5-B35F-FB46DAFB286D}"
EndProject
Project("{2150E333-8FDC-42A3-9474-1A3956D46DE8}") = "System Test", "System Test", "{32A61134-F2B5-469C-B5F4-E88F01A3E32A}"
EndProject
Project("{2150E333-8FDC-42A3-9474-1A3956D46DE8}") = "UAT", "UAT", "{300757CC-CBF3-41C7-AC18-0137DFD9FA9A}"
EndProject
Project("{2150E333-8FDC-42A3-9474-1A3956D46DE8}") = "Production", "Production", "{FDEC70F0-00C7-4756-A909-ED74A3A428EB}"
EndProject
Project("{2150E333-8FDC-42A3-9474-1A3956D46DE8}") = "Dev", "Dev", "{C3B09F20-CCE4-4DD1-8A1D-43367B9398EC}"
EndProject
Project("{FAE04EC0-301F-11D3-BF4B-00C04F79EFBC}") = "Tc.Crm.UnitTests.CustomWorkFlowSteps", "Tc.Crm.UnitTests.CustomWorkFlowSteps\Tc.Crm.UnitTests.CustomWorkFlowSteps.csproj", "{64EAF413-6A2A-4A83-9211-BCC18D2297AE}"
EndProject
Project("{2150E333-8FDC-42A3-9474-1A3956D46DE8}") = "Tc.Crm.PackageDeployer", "Tc.Crm.PackageDeployer", "{5397BFB2-5A5D-40E8-A062-8F43EEAB8685}"
EndProject
Project("{FAE04EC0-301F-11D3-BF4B-00C04F79EFBC}") = "Tc.Crm.PackageDeployer", "Tc.Crm.PackageDeployer\Tc.Crm.PackageDeployer.csproj", "{170C0103-3F94-4896-9062-6314167F596A}"
EndProject
Project("{FAE04EC0-301F-11D3-BF4B-00C04F79EFBC}") = "Tc.Crm.WebResources", "Tc.Crm.WebResources\Tc.Crm.WebResources.csproj", "{68670149-40FE-4EA9-A624-572B2C595F69}"
EndProject
Project("{FAE04EC0-301F-11D3-BF4B-00C04F79EFBC}") = "Tc.Crm.Service", "Tc.Crm.ServiceLayer\Tc.Crm.Service\Tc.Crm.Service.csproj", "{5E016BA7-1FF5-419F-B2DB-F741DD00BB2D}"
EndProject
Project("{FAE04EC0-301F-11D3-BF4B-00C04F79EFBC}") = "Tc.Crm.Service.Client.Console", "Tc.Crm.ServiceLayer\Tc.Crm.Service.Client.Console\Tc.Crm.Service.Client.Console.csproj", "{C6556A1E-C455-4405-8653-55981D1ECA20}"
EndProject
Project("{FAE04EC0-301F-11D3-BF4B-00C04F79EFBC}") = "Tc.Crm.Cryptography.Console", "Tc.Crm.Cryptography.Console\Tc.Crm.Cryptography.Console.csproj", "{49185C6D-9553-4299-B324-84381B1EF7C8}"
EndProject
Project("{FAE04EC0-301F-11D3-BF4B-00C04F79EFBC}") = "Tc.Crm.ServiceTests", "Tc.Crm.ServiceLayer\Tc.Crm.ServiceTests\Tc.Crm.ServiceTests.csproj", "{12722390-2846-48B1-BB5E-8DA6C7664A14}"
EndProject
Project("{FAE04EC0-301F-11D3-BF4B-00C04F79EFBC}") = "Tc.Crm.CustomWorkflowSteps", "Tc.Crm.CustomWorkflowSteps\Tc.Crm.CustomWorkflowSteps.csproj", "{1F39272E-66E8-44D7-BB6F-74BF89E1B8E6}"
EndProject
Project("{2150E333-8FDC-42A3-9474-1A3956D46DE8}") = "Tc.Crm.WebJobs", "Tc.Crm.WebJobs", "{250DA148-FED0-475C-BA42-07007E84C333}"
EndProject
Project("{FAE04EC0-301F-11D3-BF4B-00C04F79EFBC}") = "Tc.Crm.WebJob.DeallocateResortTeam", "Tc.Crm.WebJobs\Tc.Crm.WebJob.DeallocateResortTeam\Tc.Crm.WebJob.DeallocateResortTeam.csproj", "{FB2929A3-8D13-4E65-9169-B4E28B7E9670}"
EndProject
Project("{FAE04EC0-301F-11D3-BF4B-00C04F79EFBC}") = "Tc.Crm.WebJob.AllocateResortTeam", "Tc.Crm.WebJobs\Tc.Crm.WebJob.AllocateResortTeam\Tc.Crm.WebJob.AllocateResortTeam.csproj", "{9684169E-7382-4DBA-8CB6-B202B96E145C}"
EndProject
Project("{FAE04EC0-301F-11D3-BF4B-00C04F79EFBC}") = "Tc.Crm.Common", "Tc.Crm.Common\Tc.Crm.Common.csproj", "{860E3979-F2C6-4C90-9FA6-E130BD1EE9BE}"
EndProject
Project("{FAE04EC0-301F-11D3-BF4B-00C04F79EFBC}") = "Tc.Crm.WebJob.AllocateResortTeamTests", "Tc.Crm.WebJobs\Tc.Crm.WebJob.AllocateResortTeamTests\Tc.Crm.WebJob.AllocateResortTeamTests.csproj", "{2F93B2E6-DF07-41B4-8614-154F80A762B0}"
EndProject
Project("{2150E333-8FDC-42A3-9474-1A3956D46DE8}") = "WebJobs", "WebJobs", "{A34C189D-B4EC-43BD-9A26-F94CF33A8F2D}"
EndProject
Global
	GlobalSection(SolutionConfigurationPlatforms) = preSolution
		Debug|Any CPU = Debug|Any CPU
		Release|Any CPU = Release|Any CPU
	EndGlobalSection
	GlobalSection(ProjectConfigurationPlatforms) = postSolution
		{56ACE05E-3756-4B7D-9B6F-672BB2FFC19B}.Debug|Any CPU.ActiveCfg = Debug|Any CPU
		{56ACE05E-3756-4B7D-9B6F-672BB2FFC19B}.Debug|Any CPU.Build.0 = Debug|Any CPU
		{56ACE05E-3756-4B7D-9B6F-672BB2FFC19B}.Release|Any CPU.ActiveCfg = Release|Any CPU
		{56ACE05E-3756-4B7D-9B6F-672BB2FFC19B}.Release|Any CPU.Build.0 = Release|Any CPU
		{64EAF413-6A2A-4A83-9211-BCC18D2297AE}.Debug|Any CPU.ActiveCfg = Debug|Any CPU
		{64EAF413-6A2A-4A83-9211-BCC18D2297AE}.Debug|Any CPU.Build.0 = Debug|Any CPU
		{64EAF413-6A2A-4A83-9211-BCC18D2297AE}.Release|Any CPU.ActiveCfg = Release|Any CPU
		{64EAF413-6A2A-4A83-9211-BCC18D2297AE}.Release|Any CPU.Build.0 = Release|Any CPU
		{170C0103-3F94-4896-9062-6314167F596A}.Debug|Any CPU.ActiveCfg = Debug|Any CPU
		{170C0103-3F94-4896-9062-6314167F596A}.Debug|Any CPU.Build.0 = Debug|Any CPU
		{170C0103-3F94-4896-9062-6314167F596A}.Release|Any CPU.ActiveCfg = Release|Any CPU
		{170C0103-3F94-4896-9062-6314167F596A}.Release|Any CPU.Build.0 = Release|Any CPU
		{68670149-40FE-4EA9-A624-572B2C595F69}.Debug|Any CPU.ActiveCfg = Debug|Any CPU
		{68670149-40FE-4EA9-A624-572B2C595F69}.Debug|Any CPU.Build.0 = Debug|Any CPU
		{68670149-40FE-4EA9-A624-572B2C595F69}.Release|Any CPU.ActiveCfg = Release|Any CPU
		{68670149-40FE-4EA9-A624-572B2C595F69}.Release|Any CPU.Build.0 = Release|Any CPU
		{5E016BA7-1FF5-419F-B2DB-F741DD00BB2D}.Debug|Any CPU.ActiveCfg = Debug|Any CPU
		{5E016BA7-1FF5-419F-B2DB-F741DD00BB2D}.Debug|Any CPU.Build.0 = Debug|Any CPU
		{5E016BA7-1FF5-419F-B2DB-F741DD00BB2D}.Release|Any CPU.ActiveCfg = Release|Any CPU
		{5E016BA7-1FF5-419F-B2DB-F741DD00BB2D}.Release|Any CPU.Build.0 = Release|Any CPU
		{C6556A1E-C455-4405-8653-55981D1ECA20}.Debug|Any CPU.ActiveCfg = Debug|Any CPU
		{C6556A1E-C455-4405-8653-55981D1ECA20}.Debug|Any CPU.Build.0 = Debug|Any CPU
		{C6556A1E-C455-4405-8653-55981D1ECA20}.Release|Any CPU.ActiveCfg = Release|Any CPU
		{C6556A1E-C455-4405-8653-55981D1ECA20}.Release|Any CPU.Build.0 = Release|Any CPU
		{49185C6D-9553-4299-B324-84381B1EF7C8}.Debug|Any CPU.ActiveCfg = Debug|Any CPU
		{49185C6D-9553-4299-B324-84381B1EF7C8}.Debug|Any CPU.Build.0 = Debug|Any CPU
		{49185C6D-9553-4299-B324-84381B1EF7C8}.Release|Any CPU.ActiveCfg = Release|Any CPU
		{49185C6D-9553-4299-B324-84381B1EF7C8}.Release|Any CPU.Build.0 = Release|Any CPU
		{12722390-2846-48B1-BB5E-8DA6C7664A14}.Debug|Any CPU.ActiveCfg = Debug|Any CPU
		{12722390-2846-48B1-BB5E-8DA6C7664A14}.Debug|Any CPU.Build.0 = Debug|Any CPU
		{12722390-2846-48B1-BB5E-8DA6C7664A14}.Release|Any CPU.ActiveCfg = Release|Any CPU
		{12722390-2846-48B1-BB5E-8DA6C7664A14}.Release|Any CPU.Build.0 = Release|Any CPU
		{1F39272E-66E8-44D7-BB6F-74BF89E1B8E6}.Debug|Any CPU.ActiveCfg = Debug|Any CPU
		{1F39272E-66E8-44D7-BB6F-74BF89E1B8E6}.Debug|Any CPU.Build.0 = Debug|Any CPU
		{1F39272E-66E8-44D7-BB6F-74BF89E1B8E6}.Release|Any CPU.ActiveCfg = Release|Any CPU
		{1F39272E-66E8-44D7-BB6F-74BF89E1B8E6}.Release|Any CPU.Build.0 = Release|Any CPU
		{FB2929A3-8D13-4E65-9169-B4E28B7E9670}.Debug|Any CPU.ActiveCfg = Debug|Any CPU
		{FB2929A3-8D13-4E65-9169-B4E28B7E9670}.Debug|Any CPU.Build.0 = Debug|Any CPU
		{FB2929A3-8D13-4E65-9169-B4E28B7E9670}.Release|Any CPU.ActiveCfg = Release|Any CPU
		{FB2929A3-8D13-4E65-9169-B4E28B7E9670}.Release|Any CPU.Build.0 = Release|Any CPU
		{9684169E-7382-4DBA-8CB6-B202B96E145C}.Debug|Any CPU.ActiveCfg = Debug|Any CPU
		{9684169E-7382-4DBA-8CB6-B202B96E145C}.Debug|Any CPU.Build.0 = Debug|Any CPU
		{9684169E-7382-4DBA-8CB6-B202B96E145C}.Release|Any CPU.ActiveCfg = Release|Any CPU
		{9684169E-7382-4DBA-8CB6-B202B96E145C}.Release|Any CPU.Build.0 = Release|Any CPU
		{860E3979-F2C6-4C90-9FA6-E130BD1EE9BE}.Debug|Any CPU.ActiveCfg = Debug|Any CPU
		{860E3979-F2C6-4C90-9FA6-E130BD1EE9BE}.Debug|Any CPU.Build.0 = Debug|Any CPU
		{860E3979-F2C6-4C90-9FA6-E130BD1EE9BE}.Release|Any CPU.ActiveCfg = Release|Any CPU
		{860E3979-F2C6-4C90-9FA6-E130BD1EE9BE}.Release|Any CPU.Build.0 = Release|Any CPU
		{2F93B2E6-DF07-41B4-8614-154F80A762B0}.Debug|Any CPU.ActiveCfg = Debug|Any CPU
		{2F93B2E6-DF07-41B4-8614-154F80A762B0}.Debug|Any CPU.Build.0 = Debug|Any CPU
		{2F93B2E6-DF07-41B4-8614-154F80A762B0}.Release|Any CPU.ActiveCfg = Release|Any CPU
		{2F93B2E6-DF07-41B4-8614-154F80A762B0}.Release|Any CPU.Build.0 = Release|Any CPU
	EndGlobalSection
	GlobalSection(SolutionProperties) = preSolution
		HideSolutionNode = FALSE
	EndGlobalSection
	GlobalSection(NestedProjects) = preSolution
		{56ACE05E-3756-4B7D-9B6F-672BB2FFC19B} = {28E27A6E-C184-4019-AAF3-3D5A0F13222D}
		{7C6D8FA0-4FC0-4A54-BA41-BDE74B695763} = {0C0139D5-1C87-4AA8-AD12-B91CE4526419}
		{EE30D865-AE6A-4493-91D5-701A8D979EB4} = {0C0139D5-1C87-4AA8-AD12-B91CE4526419}
		{B081A2B4-AA52-4F17-B43C-DEC8D0980541} = {0C0139D5-1C87-4AA8-AD12-B91CE4526419}
		{5DE2E9C6-B59E-4FA1-B3CE-7F6C03BB4B1A} = {D3C200AD-612D-45D8-8197-F31F4B73F91C}
		{5105FBD3-844D-450A-88B1-39E82BD74161} = {5DE2E9C6-B59E-4FA1-B3CE-7F6C03BB4B1A}
		{9710F8AC-3254-49F7-93EC-8AC0EAAC8C7A} = {70F3E084-CE1A-4FBC-A483-39265BB49456}
		{17FDEE31-B2C7-4720-89E5-4930CA148B8C} = {70F3E084-CE1A-4FBC-A483-39265BB49456}
		{5EDB2AA6-1740-47E5-B35F-FB46DAFB286D} = {9710F8AC-3254-49F7-93EC-8AC0EAAC8C7A}
		{32A61134-F2B5-469C-B5F4-E88F01A3E32A} = {9710F8AC-3254-49F7-93EC-8AC0EAAC8C7A}
		{300757CC-CBF3-41C7-AC18-0137DFD9FA9A} = {9710F8AC-3254-49F7-93EC-8AC0EAAC8C7A}
		{FDEC70F0-00C7-4756-A909-ED74A3A428EB} = {9710F8AC-3254-49F7-93EC-8AC0EAAC8C7A}
		{C3B09F20-CCE4-4DD1-8A1D-43367B9398EC} = {17FDEE31-B2C7-4720-89E5-4930CA148B8C}
		{64EAF413-6A2A-4A83-9211-BCC18D2297AE} = {B081A2B4-AA52-4F17-B43C-DEC8D0980541}
		{170C0103-3F94-4896-9062-6314167F596A} = {5397BFB2-5A5D-40E8-A062-8F43EEAB8685}
		{68670149-40FE-4EA9-A624-572B2C595F69} = {143A4405-24E9-4BC1-9423-D1313CC8A029}
		{5E016BA7-1FF5-419F-B2DB-F741DD00BB2D} = {C91228F0-139F-46AF-B023-C54F9C9870A5}
		{C6556A1E-C455-4405-8653-55981D1ECA20} = {C91228F0-139F-46AF-B023-C54F9C9870A5}
		{49185C6D-9553-4299-B324-84381B1EF7C8} = {C91228F0-139F-46AF-B023-C54F9C9870A5}
		{12722390-2846-48B1-BB5E-8DA6C7664A14} = {7C6D8FA0-4FC0-4A54-BA41-BDE74B695763}
		{1F39272E-66E8-44D7-BB6F-74BF89E1B8E6} = {A27ECFA7-7BEB-465D-A915-E9B7CD2484F1}
		{FB2929A3-8D13-4E65-9169-B4E28B7E9670} = {250DA148-FED0-475C-BA42-07007E84C333}
		{9684169E-7382-4DBA-8CB6-B202B96E145C} = {250DA148-FED0-475C-BA42-07007E84C333}
		{2F93B2E6-DF07-41B4-8614-154F80A762B0} = {A34C189D-B4EC-43BD-9A26-F94CF33A8F2D}
		{A34C189D-B4EC-43BD-9A26-F94CF33A8F2D} = {0C0139D5-1C87-4AA8-AD12-B91CE4526419}
	EndGlobalSection
	GlobalSection(TeamFoundationVersionControl) = preSolution
		SccNumberOfProjects = 14
		SccEnterpriseProvider = {4CA58AB2-18FA-4F8D-95D4-32DDF27D184C}
		SccTeamFoundationServer = https://hclmsemea.visualstudio.com/
		SccLocalPath0 = .
		SccProjectUniqueName1 = Tc.Crm.Plugins\\Tc.Crm.Plugins.csproj
		SccProjectTopLevelParentUniqueName1 = Thomas\u0020Cook.sln
		SccProjectName1 = Tc.Crm.Plugins
		SccLocalPath1 = Tc.Crm.Plugins
		SccProjectUniqueName2 = Tc.Crm.UnitTests.CustomWorkFlowSteps\\Tc.Crm.UnitTests.CustomWorkFlowSteps.csproj
		SccProjectTopLevelParentUniqueName2 = Thomas\u0020Cook.sln
		SccProjectName2 = Tc.Crm.UnitTests.CustomWorkFlowSteps
		SccLocalPath2 = Tc.Crm.UnitTests.CustomWorkFlowSteps
		SccProjectUniqueName3 = Tc.Crm.PackageDeployer\\Tc.Crm.PackageDeployer.csproj
		SccProjectTopLevelParentUniqueName3 = Thomas\u0020Cook.sln
		SccProjectName3 = Tc.Crm.PackageDeployer
		SccLocalPath3 = Tc.Crm.PackageDeployer
		SccProjectUniqueName4 = Tc.Crm.WebResources\\Tc.Crm.WebResources.csproj
		SccProjectTopLevelParentUniqueName4 = Thomas\u0020Cook.sln
		SccProjectName4 = Tc.Crm.WebResources
		SccLocalPath4 = Tc.Crm.WebResources
		SccProjectUniqueName5 = Tc.Crm.ServiceLayer\\Tc.Crm.Service\\Tc.Crm.Service.csproj
		SccProjectTopLevelParentUniqueName5 = Thomas\u0020Cook.sln
		SccProjectName5 = Tc.Crm.ServiceLayer/Tc.Crm.Service
		SccLocalPath5 = Tc.Crm.ServiceLayer\\Tc.Crm.Service
		SccProjectUniqueName6 = Tc.Crm.ServiceLayer\\Tc.Crm.Service.Client.Console\\Tc.Crm.Service.Client.Console.csproj
		SccProjectTopLevelParentUniqueName6 = Thomas\u0020Cook.sln
		SccProjectName6 = Tc.Crm.ServiceLayer/Tc.Crm.Service.Client.Console
		SccLocalPath6 = Tc.Crm.ServiceLayer\\Tc.Crm.Service.Client.Console
		SccProjectUniqueName7 = Tc.Crm.Cryptography.Console\\Tc.Crm.Cryptography.Console.csproj
		SccProjectTopLevelParentUniqueName7 = Thomas\u0020Cook.sln
		SccProjectName7 = Tc.Crm.Cryptography.Console
		SccLocalPath7 = Tc.Crm.Cryptography.Console
		SccProjectUniqueName8 = Tc.Crm.ServiceLayer\\Tc.Crm.ServiceTests\\Tc.Crm.ServiceTests.csproj
		SccProjectTopLevelParentUniqueName8 = Thomas\u0020Cook.sln
		SccProjectName8 = Tc.Crm.ServiceLayer/Tc.Crm.ServiceTests
		SccLocalPath8 = Tc.Crm.ServiceLayer\\Tc.Crm.ServiceTests
		SccProjectUniqueName9 = Tc.Crm.CustomWorkflowSteps\\Tc.Crm.CustomWorkflowSteps.csproj
		SccProjectTopLevelParentUniqueName9 = Thomas\u0020Cook.sln
		SccProjectName9 = Tc.Crm.CustomWorkflowSteps
		SccLocalPath9 = Tc.Crm.CustomWorkflowSteps
		SccProjectUniqueName10 = Tc.Crm.WebJobs\\Tc.Crm.WebJob.DeallocateResortTeam\\Tc.Crm.WebJob.DeallocateResortTeam.csproj
		SccProjectTopLevelParentUniqueName10 = Thomas\u0020Cook.sln
		SccProjectName10 = Tc.Crm.WebJobs/Tc.Crm.WebJob.DeallocateResortTeam
		SccLocalPath10 = Tc.Crm.WebJobs\\Tc.Crm.WebJob.DeallocateResortTeam
		SccProjectUniqueName11 = Tc.Crm.WebJobs\\Tc.Crm.WebJob.AllocateResortTeam\\Tc.Crm.WebJob.AllocateResortTeam.csproj
		SccProjectTopLevelParentUniqueName11 = Thomas\u0020Cook.sln
		SccProjectName11 = Tc.Crm.WebJobs/Tc.Crm.WebJob.AllocateResortTeam
		SccLocalPath11 = Tc.Crm.WebJobs\\Tc.Crm.WebJob.AllocateResortTeam
		SccProjectUniqueName12 = Tc.Crm.Common\\Tc.Crm.Common.csproj
		SccProjectName12 = Tc.Crm.Common
		SccLocalPath12 = Tc.Crm.Common
		SccProjectUniqueName13 = Tc.Crm.WebJobs\\Tc.Crm.WebJob.AllocateResortTeamTests\\Tc.Crm.WebJob.AllocateResortTeamTests.csproj
		SccProjectTopLevelParentUniqueName13 = Thomas\u0020Cook.sln
		SccProjectName13 = Tc.Crm.WebJobs/Tc.Crm.WebJob.AllocateResortTeamTests
		SccLocalPath13 = Tc.Crm.WebJobs\\Tc.Crm.WebJob.AllocateResortTeamTests
	EndGlobalSection
EndGlobal
