
Microsoft Visual Studio Solution File, Format Version 12.00
# Visual Studio 14
VisualStudioVersion = 14.0.25123.0
MinimumVisualStudioVersion = 10.0.40219.1
Project("{FAE04EC0-301F-11D3-BF4B-00C04F79EFBC}") = "Tc.Crm.Service", "Hcl.Crm.Service\Tc.Crm.Service.csproj", "{5E016BA7-1FF5-419F-B2DB-F741DD00BB2D}"
EndProject
Project("{FAE04EC0-301F-11D3-BF4B-00C04F79EFBC}") = "Tc.Crm.Service.Client.Console", "Hcl.Crm.Service.Client.Console\Tc.Crm.Service.Client.Console.csproj", "{C6556A1E-C455-4405-8653-55981D1ECA20}"
EndProject
Global
	GlobalSection(SolutionConfigurationPlatforms) = preSolution
		Debug|Any CPU = Debug|Any CPU
		Release|Any CPU = Release|Any CPU
	EndGlobalSection
	GlobalSection(ProjectConfigurationPlatforms) = postSolution
		{5E016BA7-1FF5-419F-B2DB-F741DD00BB2D}.Debug|Any CPU.ActiveCfg = Debug|Any CPU
		{5E016BA7-1FF5-419F-B2DB-F741DD00BB2D}.Debug|Any CPU.Build.0 = Debug|Any CPU
		{5E016BA7-1FF5-419F-B2DB-F741DD00BB2D}.Release|Any CPU.ActiveCfg = Release|Any CPU
		{5E016BA7-1FF5-419F-B2DB-F741DD00BB2D}.Release|Any CPU.Build.0 = Release|Any CPU
		{C6556A1E-C455-4405-8653-55981D1ECA20}.Debug|Any CPU.ActiveCfg = Debug|Any CPU
		{C6556A1E-C455-4405-8653-55981D1ECA20}.Debug|Any CPU.Build.0 = Debug|Any CPU
		{C6556A1E-C455-4405-8653-55981D1ECA20}.Release|Any CPU.ActiveCfg = Release|Any CPU
		{C6556A1E-C455-4405-8653-55981D1ECA20}.Release|Any CPU.Build.0 = Release|Any CPU
	EndGlobalSection
	GlobalSection(SolutionProperties) = preSolution
		HideSolutionNode = FALSE
	EndGlobalSection
	GlobalSection(TeamFoundationVersionControl) = preSolution
		SccNumberOfProjects = 3
		SccEnterpriseProvider = {4CA58AB2-18FA-4F8D-95D4-32DDF27D184C}
		SccTeamFoundationServer = https://hclmsemea.visualstudio.com/
		SccProjectUniqueName0 = Hcl.Crm.Service\\Tc.Crm.Service.csproj
		SccProjectName0 = Hcl.Crm.Service
		SccLocalPath0 = Hcl.Crm.Service
		SccLocalPath1 = .
		SccProjectUniqueName2 = Hcl.Crm.Service.Client.Console\\Tc.Crm.Service.Client.Console.csproj
		SccProjectName2 = Hcl.Crm.Service.Client.Console
		SccLocalPath2 = Hcl.Crm.Service.Client.Console
	EndGlobalSection
EndGlobal
